
Microsoft Visual Studio Solution File, Format Version 12.00
# Visual Studio 15
VisualStudioVersion = 15.0.28307.645
MinimumVisualStudioVersion = 10.0.40219.1
Project("{8BC9CEB8-8B4A-11D0-8D11-00A0C91BC942}") = "Motor", "Motor\Motor.vcxproj", "{F15CBE09-9B9E-4C6B-AAB0-ADEF0548B852}"
EndProject
Project("{8BC9CEB8-8B4A-11D0-8D11-00A0C91BC942}") = "Game", "Game\Game.vcxproj", "{428FA7CF-3ECE-4B7C-8AB5-0A24A005055E}"
	ProjectSection(ProjectDependencies) = postProject
		{F15CBE09-9B9E-4C6B-AAB0-ADEF0548B852} = {F15CBE09-9B9E-4C6B-AAB0-ADEF0548B852}
	EndProjectSection
EndProject
Global
	GlobalSection(SolutionConfigurationPlatforms) = preSolution
		Debug|x64 = Debug|x64
		Debug|x86 = Debug|x86
		Release|x64 = Release|x64
		Release|x86 = Release|x86
	EndGlobalSection
	GlobalSection(ProjectConfigurationPlatforms) = postSolution
		{F15CBE09-9B9E-4C6B-AAB0-ADEF0548B852}.Debug|x64.ActiveCfg = Debug|x64
		{F15CBE09-9B9E-4C6B-AAB0-ADEF0548B852}.Debug|x64.Build.0 = Debug|x64
		{F15CBE09-9B9E-4C6B-AAB0-ADEF0548B852}.Debug|x86.ActiveCfg = Debug|Win32
		{F15CBE09-9B9E-4C6B-AAB0-ADEF0548B852}.Debug|x86.Build.0 = Debug|Win32
		{F15CBE09-9B9E-4C6B-AAB0-ADEF0548B852}.Release|x64.ActiveCfg = Release|x64
		{F15CBE09-9B9E-4C6B-AAB0-ADEF0548B852}.Release|x64.Build.0 = Release|x64
		{F15CBE09-9B9E-4C6B-AAB0-ADEF0548B852}.Release|x86.ActiveCfg = Release|Win32
		{F15CBE09-9B9E-4C6B-AAB0-ADEF0548B852}.Release|x86.Build.0 = Release|Win32
		{428FA7CF-3ECE-4B7C-8AB5-0A24A005055E}.Debug|x64.ActiveCfg = Debug|x64
		{428FA7CF-3ECE-4B7C-8AB5-0A24A005055E}.Debug|x64.Build.0 = Debug|x64
		{428FA7CF-3ECE-4B7C-8AB5-0A24A005055E}.Debug|x86.ActiveCfg = Debug|Win32
		{428FA7CF-3ECE-4B7C-8AB5-0A24A005055E}.Debug|x86.Build.0 = Debug|Win32
		{428FA7CF-3ECE-4B7C-8AB5-0A24A005055E}.Release|x64.ActiveCfg = Release|x64
		{428FA7CF-3ECE-4B7C-8AB5-0A24A005055E}.Release|x64.Build.0 = Release|x64
		{428FA7CF-3ECE-4B7C-8AB5-0A24A005055E}.Release|x86.ActiveCfg = Release|Win32
		{428FA7CF-3ECE-4B7C-8AB5-0A24A005055E}.Release|x86.Build.0 = Release|Win32
	EndGlobalSection
	GlobalSection(SolutionProperties) = preSolution
		HideSolutionNode = FALSE
	EndGlobalSection
	GlobalSection(ExtensibilityGlobals) = postSolution
		SolutionGuid = {2032269E-3DC9-4C4D-B632-6AAD5056377D}
	EndGlobalSection
EndGlobal
